PATH
  remote: ..
  specs:
    rspec-capturing-formatter (1.0.0)
      rspec-core (>= 3.12)
      shellwords
      stringio

GEM
  remote: https://rubygems.org/
  specs:
    diff-lcs (1.6.2)
    fiddle (1.1.8)
    fileutils (1.8.0)
    json (2.21.2)
    logger (1.7.0)
    open3 (0.2.1)
    rake (13.4.2)
    rspec (3.12.0)
      rspec-core (~> 3.12.0)
      rspec-expectations (~> 3.12.0)
      rspec-mocks (~> 3.12.0)
    rspec-core (3.12.3)
      rspec-support (~> 3.12.0)
    rspec-expectations (3.12.4)
      diff-lcs (>= 1.2.0, < 2.0)
      rspec-support (~> 3.12.0)
    rspec-mocks (3.12.7)
      diff-lcs (>= 1.2.0, < 2.0)
      rspec-support (~> 3.12.0)
    rspec-support (3.12.2)
    shellwords (0.2.2)
    stringio (3.2.0)
    tempfile (0.3.1)
    tmpdir (0.3.1)
      fileutils

PLATFORMS
  ruby
  x64-mingw-ucrt
  x86_64-linux

DEPENDENCIES
  fiddle
  json
  logger
  open3
  rake
  rspec (~> 3.12.0, >= 3.12)
  rspec-capturing-formatter!
  tempfile
  tmpdir

CHECKSUMS
  diff-lcs (1.6.2) sha256=9ae0d2cba7d4df3075fe8cd8602a8604993efc0dfa934cff568969efb1909962
  fiddle (1.1.8) sha256=7fa8ee3627271497f3add5503acdbc3f40b32f610fc1cf49634f083ef3f32eee
  fileutils (1.8.0) sha256=8c6b1df54e2540bdb2f39258f08af78853aa70bad52b4d394bbc6424593c6e02
  json (2.21.2) sha256=1f1d3b7cf2b3ba1a69beca0bb6db13d5438b80bff3cd54cdaaa620b9b07c1c6a
  logger (1.7.0) sha256=196edec7cc44b66cfb40f9755ce11b392f21f7967696af15d274dde7edff0203
  open3 (0.2.1) sha256=8e2d7d2113526351201438c1aa35c8139f0141c9e8913baa007c898973bf3952
  rake (13.4.2) sha256=cb825b2bd5f1f8e91ca37bddb4b9aaf345551b4731da62949be002fa89283701
  rspec (3.12.0) sha256=ccc41799a43509dc0be84070e3f0410ac95cbd480ae7b6c245543eb64162399c
  rspec-capturing-formatter (1.0.0)
  rspec-core (3.12.3) sha256=782189dea5ac28971d2a613ff7bf28b4c4e326ec3f0503c773307671269b6f0d
  rspec-expectations (3.12.4) sha256=846ff8968551a775c4c949825d581f394a517bdf78b68feac471282a1b03e75c
  rspec-mocks (3.12.7) sha256=b2f10a7879781de9448f28e5dc399277d4eac14d577b450e4c04b7897fe4c6a8
  rspec-support (3.12.2) sha256=de719abdc9d03842c96052be4a2dab8d7fd9314d0b2488b0f755008d071b761d
  shellwords (0.2.2) sha256=b8695a791de2f71472de5abdc3f4332f6535a4177f55d8f99e7e44266cd32f94
  stringio (3.2.0) sha256=c37cb2e58b4ffbd33fe5cd948c05934af997b36e0b6ca6fdf43afa234cf222e1
  tempfile (0.3.1) sha256=0bb53ab646744e505eb3102147e22ae130a626a15563e882428c1ec973fed76a
  tmpdir (0.3.1) sha256=908e9729bb31ce104ba27fc03cfc8293a7f858a8dc9e3a1d7cfd112919a3513d

BUNDLED WITH
  4.0.16
